{
  "name": "vallo-marketing",
  "lockfileVersion": 3,
  "requires": true,
  "packages": {
    "": {
      "name": "vallo-marketing",
      "dependencies": {
        "@fontsource-variable/inter": "5.3.0",
        "@fontsource/instrument-serif": "5.3.0",
        "@fontsource/poppins": "5.3.0",
        "@lobehub/fluent-emoji-3d": "1.1.0",
        "@phosphor-icons/core": "2.1.1",
        "gsap": "^3.15.0",
        "lucide-static": "1.49.0",
        "three": "0.186.1",
        "topojson-client": "3.1.0",
        "world-atlas": "2.0.2"
      }
    },
    "node_modules/@fontsource-variable/inter": {
      "version": "5.3.0",
      "resolved": "https://registry.npmjs.org/@fontsource-variable/inter/-/inter-5.3.0.tgz",
      "integrity": "sha512-OupL48va4JNofb97w6NYeF9S7W/kHNKM0Er8Dem5nqi4jeOLrVJDoE8tZEpnMJmtkvNbB1EIPPwHcdkF6b1oUA==",
      "license": "OFL-1.1",
      "funding": {
        "url": "https://github.com/sponsors/ayuhito"
      }
    },
    "node_modules/@fontsource/instrument-serif": {
      "version": "5.3.0",
      "resolved": "https://registry.npmjs.org/@fontsource/instrument-serif/-/instrument-serif-5.3.0.tgz",
      "integrity": "sha512-mDiaIg0u67sYV59fie92Wz4sM8UiVlbL7fLxnFPCKkX15DMASEnQTREbaP5S5/3DCcsoAOcQ0sV9E4AeY4QqYQ==",
      "license": "OFL-1.1",
      "funding": {
        "url": "https://github.com/sponsors/ayuhito"
      }
    },
    "node_modules/@fontsource/poppins": {
      "version": "5.3.0",
      "resolved": "https://registry.npmjs.org/@fontsource/poppins/-/poppins-5.3.0.tgz",
      "integrity": "sha512-cms1nM7U6SN8epIV1WMVOV8VsA645aSm3wHfzIQnkk188U341ThbJGSl2Sv54V29gnDbT2arMPfLzvVIIVCceQ==",
      "license": "OFL-1.1",
      "funding": {
        "url": "https://github.com/sponsors/ayuhito"
      }
    },
    "node_modules/@lobehub/fluent-emoji-3d": {
      "version": "1.1.0",
      "resolved": "https://registry.npmjs.org/@lobehub/fluent-emoji-3d/-/fluent-emoji-3d-1.1.0.tgz",
      "integrity": "sha512-Wlq2lVStTnr8BDpIJ0pEnTKO4LuDxxqTEhTvRtD1DLRF0me7ogeRQjKoehDHXuVJ2Qaecgl5wRBv60lUAG3h7g==",
      "license": "MIT"
    },
    "node_modules/@phosphor-icons/core": {
      "version": "2.1.1",
      "resolved": "https://registry.npmjs.org/@phosphor-icons/core/-/core-2.1.1.tgz",
      "integrity": "sha512-v4ARvrip4qBCImOE5rmPUylOEK4iiED9ZyKjcvzuezqMaiRASCHKcRIuvvxL/twvLpkfnEODCOJp5dM4eZilxQ==",
      "license": "MIT"
    },
    "node_modules/commander": {
      "version": "2.20.3",
      "resolved": "https://registry.npmjs.org/commander/-/commander-2.20.3.tgz",
      "integrity": "sha512-GpVkmM8vF2vQUkj2LvZmD35JxeJOLCwJ9cUkugyk2nuhbv3+mJvpLYYt+0+USMxE+oj+ey/lJEnhZw75x/OMcQ==",
      "license": "MIT"
    },
    "node_modules/gsap": {
      "version": "3.15.0",
      "resolved": "https://registry.npmjs.org/gsap/-/gsap-3.15.0.tgz",
      "integrity": "sha512-dMW4CWBTUK1AEEDeZc1g4xpPGIrSf9fJF960qbTZmN/QwZIWY5wgliS6JWl9/25fpTGJrMRtSjGtOmPnfjZB+A==",
      "license": "Standard 'no charge' license: https://gsap.com/standard-license."
    },
    "node_modules/lucide-static": {
      "version": "1.49.0",
      "resolved": "https://registry.npmjs.org/lucide-static/-/lucide-static-1.49.0.tgz",
      "integrity": "sha512-gSjtl7bR2v26oDInh2Wua1PrF2BRRXl9inhnLWcFfnRqRShmgZvlFRisPHqTfU7kxsuZU8ThNjAFotbInrzKow==",
      "license": "ISC"
    },
    "node_modules/three": {
      "version": "0.186.1",
      "resolved": "https://registry.npmjs.org/three/-/three-0.186.1.tgz",
      "integrity": "sha512-blFeqb49wRCSGUGj7gtpfnSGHy2lwDk94RhUmS1c/hTby70kvChbWpkJ4Pm1390LqzzvTmzgXKHPEafJwCb8jA==",
      "license": "MIT"
    },
    "node_modules/topojson-client": {
      "version": "3.1.0",
      "resolved": "https://registry.npmjs.org/topojson-client/-/topojson-client-3.1.0.tgz",
      "integrity": "sha512-605uxS6bcYxGXw9qi62XyrV6Q3xwbndjachmNxu8HWTtVPxZfEJN9fd/SZS1Q54Sn2y0TMyMxFj/cJINqGHrKw==",
      "license": "ISC",
      "dependencies": {
        "commander": "2"
      },
      "bin": {
        "topo2geo": "bin/topo2geo",
        "topomerge": "bin/topomerge",
        "topoquantize": "bin/topoquantize"
      }
    },
    "node_modules/world-atlas": {
      "version": "2.0.2",
      "resolved": "https://registry.npmjs.org/world-atlas/-/world-atlas-2.0.2.tgz",
      "integrity": "sha512-IXfV0qwlKXpckz1FhwXVwKRjiIhOnWttOskm5CtxMsjgE/MXAYRHWJqgXOpM8IkcPBoXnyTU5lFHcYa5ChG0LQ==",
      "license": "ISC"
    }
  }
}
